
Microsoft Visual Studio Solution File, Format Version 11.00
# Visual Studio 2010
Project("{FAE04EC0-301F-11D3-BF4B-00C04F79EFBC}") = "ezFixUpWebApi", "ezFixUpWebApi\ezFixUpWebApi.csproj", "{40F4BDD2-00FE-42A5-B73D-D2568F79DDD3}"
EndProject
Project("{FAE04EC0-301F-11D3-BF4B-00C04F79EFBC}") = "ezFixUpWebApi.Tests", "ezFixUpWebApi.Tests\ezFixUpWebApi.Tests.csproj", "{CD16AD73-D3F0-4A96-85F6-F5CB120C1F85}"
EndProject
Global
	GlobalSection(SolutionConfigurationPlatforms) = preSolution
		Debug|Any CPU = Debug|Any CPU
		Release|Any CPU = Release|Any CPU
	EndGlobalSection
	GlobalSection(ProjectConfigurationPlatforms) = postSolution
		{40F4BDD2-00FE-42A5-B73D-D2568F79DDD3}.Debug|Any CPU.ActiveCfg = Debug|Any CPU
		{40F4BDD2-00FE-42A5-B73D-D2568F79DDD3}.Debug|Any CPU.Build.0 = Debug|Any CPU
		{40F4BDD2-00FE-42A5-B73D-D2568F79DDD3}.Release|Any CPU.ActiveCfg = Release|Any CPU
		{40F4BDD2-00FE-42A5-B73D-D2568F79DDD3}.Release|Any CPU.Build.0 = Release|Any CPU
		{CD16AD73-D3F0-4A96-85F6-F5CB120C1F85}.Debug|Any CPU.ActiveCfg = Debug|Any CPU
		{CD16AD73-D3F0-4A96-85F6-F5CB120C1F85}.Debug|Any CPU.Build.0 = Debug|Any CPU
		{CD16AD73-D3F0-4A96-85F6-F5CB120C1F85}.Release|Any CPU.ActiveCfg = Release|Any CPU
		{CD16AD73-D3F0-4A96-85F6-F5CB120C1F85}.Release|Any CPU.Build.0 = Release|Any CPU
	EndGlobalSection
	GlobalSection(SolutionProperties) = preSolution
		HideSolutionNode = FALSE
	EndGlobalSection
EndGlobal
